
Microsoft Visual Studio Solution File, Format Version 12.00
# Visual Studio Version 17
VisualStudioVersion = 17.14.36915.13 d17.14
MinimumVisualStudioVersion = 10.0.40219.1
Project("{FAE04EC0-301F-11D3-BF4B-00C04F79EFBC}") = "ApiCatalogo_MinimalApi", "ApiCatalogo_MinimalApi\ApiCatalogo_MinimalApi.csproj", "{AC96B6AE-35A9-4466-953F-D1B3D233F750}"
EndProject
Global
	GlobalSection(SolutionConfigurationPlatforms) = preSolution
		Debug|Any CPU = Debug|Any CPU
		Release|Any CPU = Release|Any CPU
	EndGlobalSection
	GlobalSection(ProjectConfigurationPlatforms) = postSolution
		{AC96B6AE-35A9-4466-953F-D1B3D233F750}.Debug|Any CPU.ActiveCfg = Debug|Any CPU
		{AC96B6AE-35A9-4466-953F-D1B3D233F750}.Debug|Any CPU.Build.0 = Debug|Any CPU
		{AC96B6AE-35A9-4466-953F-D1B3D233F750}.Release|Any CPU.ActiveCfg = Release|Any CPU
		{AC96B6AE-35A9-4466-953F-D1B3D233F750}.Release|Any CPU.Build.0 = Release|Any CPU
	EndGlobalSection
	GlobalSection(SolutionProperties) = preSolution
		HideSolutionNode = FALSE
	EndGlobalSection
	GlobalSection(ExtensibilityGlobals) = postSolution
		SolutionGuid = {23A6911F-150B-4654-ABB2-2050CCA17816}
	EndGlobalSection
EndGlobal
